{
  "name": "skylark-ui-shells",
  "version": "0.9.0",
  "lockfileVersion": 1,
  "requires": true,
  "dependencies": {
    "skylark-bootbox4": {
      "version": "git+https://github.com/skylark-integration/skylark-bootbox4.git#0435aa402ce3de7be9c4320f66c75110eea81eff",
      "from": "git+https://github.com/skylark-integration/skylark-bootbox4.git#master",
      "requires": {
        "skylark-bootstrap3": "git+https://github.com/skylarkui/skylark-bootstrap3.git#master",
        "skylark-langx": "git+https://github.com/skylarklangx/skylark-langx.git#master",
        "skylark-utils-dom": "git+https://github.com/skylarkutils/skylark-utils-dom.git#master"
      },
      "dependencies": {
        "skylark-bootstrap3": {
          "version": "git+https://github.com/skylarkui/skylark-bootstrap3.git#97e264d247d1ab55d81f1380a934b147dcf8f6b9",
          "from": "git+https://github.com/skylarkui/skylark-bootstrap3.git#master",
          "requires": {
            "skylark-langx": "git+https://github.com/skylarklangx/skylark-langx.git#master",
            "skylark-utils-dom": "git+https://github.com/skylarkutils/skylark-utils-dom.git#master"
          }
        }
      }
    },
    "skylark-bootstrap3": {
      "version": "git+https://github.com/skylark-integration/skylark-bootstrap3.git#97e264d247d1ab55d81f1380a934b147dcf8f6b9",
      "from": "git+https://github.com/skylark-integration/skylark-bootstrap3.git#master",
      "requires": {
        "skylark-langx": "git+https://github.com/skylarklangx/skylark-langx.git#master",
        "skylark-utils-dom": "git+https://github.com/skylarkutils/skylark-utils-dom.git#master"
      }
    },
    "skylark-data-collection": {
      "version": "git+https://github.com/skylark-data/skylark-data-collection.git#b3364d3b68ee0ca4d5a2c536f9662b1f50359253",
      "from": "git+https://github.com/skylark-data/skylark-data-collection.git#master"
    },
    "skylark-langx": {
      "version": "git+https://github.com/skylarklangx/skylark-langx.git#18db270909d9326c310fda028a26414d416b01f2",
      "from": "git+https://github.com/skylarklangx/skylark-langx.git#master"
    },
    "skylark-nprogress": {
      "version": "git+https://github.com/skylark-integration/skylark-nprogress.git#e2b122f68b418ac13428a9cf6e83f82178a021a3",
      "from": "git+https://github.com/skylark-integration/skylark-nprogress.git#master",
      "requires": {
        "skylark-langx": "git+https://github.com/skylarklangx/skylark-langx.git#master",
        "skylark-utils-dom": "git+https://github.com/skylarkutils/skylark-utils-dom.git#master"
      }
    },
    "skylark-storages-diskfs": {
      "version": "git+https://github.com/skylark-storages/skylark-storages-diskfs.git#f2ecc44c33c24660a59c03fd8882a59527e0332f",
      "from": "git+https://github.com/skylark-storages/skylark-storages-diskfs.git#master"
    },
    "skylark-tinycon": {
      "version": "git+https://github.com/skylark-integration/skylark-tinycon.git#c652c8e189bbb767e70a504bdff01e0288f45a81",
      "from": "git+https://github.com/skylark-integration/skylark-tinycon.git#master",
      "requires": {
        "skylark-langx": "git+https://github.com/skylarklangx/skylark-langx.git#master",
        "skylark-utils-dom": "git+https://github.com/skylarkutils/skylark-utils-dom.git#master"
      }
    },
    "skylark-ui-swt": {
      "version": "git+https://github.com/skylarkui/skylark-ui-swt.git#4ccd51b77d042b7904e28fb85febeabd36f4749d",
      "from": "git+https://github.com/skylarkui/skylark-ui-swt.git#master",
      "requires": {
        "skylark-bootstrap3": "git+https://github.com/skylarkui/skylark-bootstrap3.git#master",
        "skylark-data-collection": "git+https://github.com/skylark-data/skylark-data-collection.git#master",
        "skylark-langx": "git+https://github.com/skylarklangx/skylark-langx.git#master",
        "skylark-storages-diskfs": "git+https://github.com/skylark-storages/skylark-storages-diskfs.git#master",
        "skylark-utils-dom": "git+https://github.com/skylarkutils/skylark-utils-dom.git#master"
      },
      "dependencies": {
        "skylark-bootstrap3": {
          "version": "git+https://github.com/skylarkui/skylark-bootstrap3.git#97e264d247d1ab55d81f1380a934b147dcf8f6b9",
          "from": "git+https://github.com/skylarkui/skylark-bootstrap3.git#master",
          "requires": {
            "skylark-langx": "git+https://github.com/skylarklangx/skylark-langx.git#master",
            "skylark-utils-dom": "git+https://github.com/skylarkutils/skylark-utils-dom.git#master"
          }
        }
      }
    },
    "skylark-utils-dom": {
      "version": "git+https://github.com/skylarkutils/skylark-utils-dom.git#bd2203332ee5f028f96596c8466c3305da05263d",
      "from": "git+https://github.com/skylarkutils/skylark-utils-dom.git#master",
      "requires": {
        "skylark-langx": "git+https://github.com/skylarklangx/skylark-langx.git#master"
      }
    },
    "skylark-visibility": {
      "version": "git+https://github.com/skylark-integration/skylark-visibility.git#1dab53075d9a20e46531609008d86eb8fbd4758f",
      "from": "git+https://github.com/skylark-integration/skylark-visibility.git#master",
      "requires": {
        "skylark-langx": "git+https://github.com/skylarklangx/skylark-langx.git#master",
        "skylark-utils-dom": "git+https://github.com/skylarkutils/skylark-utils-dom.git#master"
      }
    }
  }
}
